
Microsoft Visual Studio Solution File, Format Version 12.00
# Visual Studio Version 17
VisualStudioVersion = 17.7.34024.191
MinimumVisualStudioVersion = 10.0.40219.1
Project("{FAE04EC0-301F-11D3-BF4B-00C04F79EFBC}") = "NotAPaint", "NotAPaint\NotAPaint.csproj", "{11A4ED14-5FEB-4D19-8DEE-B0E16F92141E}"
EndProject
Global
	GlobalSection(SolutionConfigurationPlatforms) = preSolution
		Debug|Any CPU = Debug|Any CPU
		Release|Any CPU = Release|Any CPU
	EndGlobalSection
	GlobalSection(ProjectConfigurationPlatforms) = postSolution
		{11A4ED14-5FEB-4D19-8DEE-B0E16F92141E}.Debug|Any CPU.ActiveCfg = Debug|Any CPU
		{11A4ED14-5FEB-4D19-8DEE-B0E16F92141E}.Debug|Any CPU.Build.0 = Debug|Any CPU
		{11A4ED14-5FEB-4D19-8DEE-B0E16F92141E}.Release|Any CPU.ActiveCfg = Release|Any CPU
		{11A4ED14-5FEB-4D19-8DEE-B0E16F92141E}.Release|Any CPU.Build.0 = Release|Any CPU
	EndGlobalSection
	GlobalSection(SolutionProperties) = preSolution
		HideSolutionNode = FALSE
	EndGlobalSection
	GlobalSection(ExtensibilityGlobals) = postSolution
		SolutionGuid = {32BA2645-091D-41BE-A061-9D4B18AB3D63}
	EndGlobalSection
EndGlobal
